{
  "version": 4,
  "terraform_version": "1.1.4",
  "serial": 8,
  "lineage": "a0962f73-9edd-6be3-6b1c-a8f6b7a709ee",
  "outputs": {
    "ip": {
      "value": "142.93.96.5",
      "type": "string"
    }
  },
  "resources": [
    {
      "mode": "managed",
      "type": "digitalocean_droplet",
      "name": "web",
      "provider": "provider[\"registry.terraform.io/digitalocean/digitalocean\"]",
      "instances": [
        {
          "schema_version": 1,
          "attributes": {
            "backups": false,
            "created_at": "2022-02-10T22:11:15Z",
            "disk": 25,
            "droplet_agent": null,
            "graceful_shutdown": false,
            "id": "286131880",
            "image": "ubuntu-20-04-x64",
            "ipv4_address": "142.93.96.5",
            "ipv4_address_private": "10.114.0.2",
            "ipv6": false,
            "ipv6_address": "",
            "locked": false,
            "memory": 1024,
            "monitoring": false,
            "name": "tf-do",
            "price_hourly": 0.00744,
            "price_monthly": 5,
            "private_networking": true,
            "region": "fra1",
            "resize_disk": true,
            "size": "s-1vcpu-1gb",
            "ssh_keys": [
              "a7:4d:f8:20:fe:78:88:cb:fb:d3:1a:9f:c8:af:ec:1d"
            ],
            "status": "active",
            "tags": null,
            "urn": "do:droplet:286131880",
            "user_data": null,
            "vcpus": 1,
            "volume_ids": [],
            "vpc_uuid": "bbda586a-af72-4765-90a1-3112bba14600"
          },
          "sensitive_attributes": [],
          "private": "eyJzY2hlbWFfdmVyc2lvbiI6IjEifQ==",
          "dependencies": [
            "digitalocean_ssh_key.key-ssh"
          ]
        }
      ]
    },
    {
      "mode": "managed",
      "type": "digitalocean_ssh_key",
      "name": "key-ssh",
      "provider": "provider[\"registry.terraform.io/digitalocean/digitalocean\"]",
      "instances": [
        {
          "schema_version": 0,
          "attributes": {
            "fingerprint": "a7:4d:f8:20:fe:78:88:cb:fb:d3:1a:9f:c8:af:ec:1d",
            "id": "33203318",
            "name": "Terraform sshkey",
            "public_key": "ssh-rsa AAAAB3NzaC1yc2EAAAADAQABAAABgQDMAjfwHLEVW8Pol9nPQbDyjYw68isGJE5NUFfrLG4/5GLCUfOlBNgj6v4eoPcHTNi0WmOVXqrmD3V3/QUhPERlbA2UnwVUlUY1rOlnkHrXWfsnLujYZOZPMxRniyo5gnx1eS2OpbRuC+HEZX8V+v30AcL/b8JmZRKD+UBlE1aC8Y97L8285AVYZmJknBZmclJQ22bFb2VbiMAx0+F9qwK544ZBFaZ32ZjTS4FU/A39JgAtpywvROukN3Hn4dTPyeZTW2PHSRqFbGFYtJv0i+oGf37k6eQzvBt2TwK5lnJIC8glHV0SiBwWTmWB5LCI4Fby1IkYVGYzBiUs55JRbjevfucrIYCDD6nvqq8lHneJPjwSFrSntMxkslkq6RgriWxQ7JApgTDXjEGBNJP8rYOYMg8kyHcpmlBr/yPMI1YH7c5GnZEI5nDHDHPQhjfSJhAHhmHow+4pnrp9ZKekxN299HUoKYXD77iIFBf7aXjU9dRsOybhC8fIqe2BJp/M34c= rodrigo@rodrigo-VirtualBox\n"
          },
          "sensitive_attributes": [],
          "private": "bnVsbA=="
        }
      ]
    }
  ]
}
