{
  "version": 4,
  "terraform_version": "1.1.4",
  "serial": 16,
  "lineage": "a0962f73-9edd-6be3-6b1c-a8f6b7a709ee",
  "outputs": {
    "ip": {
      "value": "138.197.180.151",
      "type": "string"
    },
    "ram": {
      "value": "s-1vcpu-1gb",
      "type": "string"
    },
    "ssh": {
      "value": "ssh -l root 138.197.180.151",
      "type": "string"
    },
    "volume_disk": {
      "value": 10,
      "type": "number"
    },
    "vps-disk": {
      "value": 25,
      "type": "number"
    }
  },
  "resources": [
    {
      "mode": "data",
      "type": "template_file",
      "name": "userdata",
      "provider": "provider[\"registry.terraform.io/hashicorp/template\"]",
      "instances": [
        {
          "schema_version": 0,
          "attributes": {
            "filename": null,
            "id": "5a50075a1ddf1ad7153958067b27f60947f9cee45b599c0a56fad043472e0df5",
            "rendered": "#!/usr/bin/env bash\nset -x\nexec \u003e \u003e(tee /var/log/user-data.log|logger -t user-data -s 2\u003e/dev/console) 2\u003e\u00261\nexport PATH=\"$PATH:/usr/bin\"\nsudo apt-get update\nsudo apt-get -y install nginx\nsudo rm -rf /var/www/html\nsudo mkdir /mnt/demo_web_volume/html\nsudo ln -s /mnt/demo_web_volume/html /var/www/html\nsudo echo \"\u003ch2\u003eHola Terraform\u003c/h2\u003e\" \u003e\u003e /var/www/html/index.html\nsudo chown -R www-data:www-data /var/www/html/index.html\nsudo chmod -R 755 /var/www/html/index.html\n",
            "template": "#!/usr/bin/env bash\nset -x\nexec \u003e \u003e(tee /var/log/user-data.log|logger -t user-data -s 2\u003e/dev/console) 2\u003e\u00261\nexport PATH=\"$PATH:/usr/bin\"\nsudo apt-get update\nsudo apt-get -y install nginx\nsudo rm -rf /var/www/html\nsudo mkdir /mnt/demo_web_volume/html\nsudo ln -s /mnt/demo_web_volume/html /var/www/html\nsudo echo \"\u003ch2\u003eHola Terraform\u003c/h2\u003e\" \u003e\u003e /var/www/html/index.html\nsudo chown -R www-data:www-data /var/www/html/index.html\nsudo chmod -R 755 /var/www/html/index.html\n",
            "vars": null
          },
          "sensitive_attributes": []
        }
      ]
    },
    {
      "mode": "managed",
      "type": "digitalocean_droplet",
      "name": "web",
      "provider": "provider[\"registry.terraform.io/digitalocean/digitalocean\"]",
      "instances": [
        {
          "schema_version": 1,
          "attributes": {
            "backups": true,
            "created_at": "2022-02-11T01:27:48Z",
            "disk": 25,
            "droplet_agent": null,
            "graceful_shutdown": false,
            "id": "286152128",
            "image": "ubuntu-20-04-x64",
            "ipv4_address": "138.197.180.151",
            "ipv4_address_private": "10.114.0.2",
            "ipv6": false,
            "ipv6_address": "",
            "locked": false,
            "memory": 1024,
            "monitoring": false,
            "name": "demo-web",
            "price_hourly": 0.00744,
            "price_monthly": 5,
            "private_networking": true,
            "region": "fra1",
            "resize_disk": true,
            "size": "s-1vcpu-1gb",
            "ssh_keys": [
              "a7:4d:f8:20:fe:78:88:cb:fb:d3:1a:9f:c8:af:ec:1d"
            ],
            "status": "active",
            "tags": null,
            "urn": "do:droplet:286152128",
            "user_data": "d7a40a5162fd007998e9b71445914891736ad404",
            "vcpus": 1,
            "volume_ids": [],
            "vpc_uuid": "bbda586a-af72-4765-90a1-3112bba14600"
          },
          "sensitive_attributes": [],
          "private": "eyJzY2hlbWFfdmVyc2lvbiI6IjEifQ==",
          "dependencies": [
            "data.template_file.userdata",
            "digitalocean_ssh_key.key-ssh"
          ]
        }
      ]
    },
    {
      "mode": "managed",
      "type": "digitalocean_ssh_key",
      "name": "key-ssh",
      "provider": "provider[\"registry.terraform.io/digitalocean/digitalocean\"]",
      "instances": [
        {
          "schema_version": 0,
          "attributes": {
            "fingerprint": "a7:4d:f8:20:fe:78:88:cb:fb:d3:1a:9f:c8:af:ec:1d",
            "id": "33204473",
            "name": "demo-key",
            "public_key": "ssh-rsa AAAAB3NzaC1yc2EAAAADAQABAAABgQDMAjfwHLEVW8Pol9nPQbDyjYw68isGJE5NUFfrLG4/5GLCUfOlBNgj6v4eoPcHTNi0WmOVXqrmD3V3/QUhPERlbA2UnwVUlUY1rOlnkHrXWfsnLujYZOZPMxRniyo5gnx1eS2OpbRuC+HEZX8V+v30AcL/b8JmZRKD+UBlE1aC8Y97L8285AVYZmJknBZmclJQ22bFb2VbiMAx0+F9qwK544ZBFaZ32ZjTS4FU/A39JgAtpywvROukN3Hn4dTPyeZTW2PHSRqFbGFYtJv0i+oGf37k6eQzvBt2TwK5lnJIC8glHV0SiBwWTmWB5LCI4Fby1IkYVGYzBiUs55JRbjevfucrIYCDD6nvqq8lHneJPjwSFrSntMxkslkq6RgriWxQ7JApgTDXjEGBNJP8rYOYMg8kyHcpmlBr/yPMI1YH7c5GnZEI5nDHDHPQhjfSJhAHhmHow+4pnrp9ZKekxN299HUoKYXD77iIFBf7aXjU9dRsOybhC8fIqe2BJp/M34c= rodrigo@rodrigo-VirtualBox\n"
          },
          "sensitive_attributes": [],
          "private": "bnVsbA=="
        }
      ]
    },
    {
      "mode": "managed",
      "type": "digitalocean_volume",
      "name": "web",
      "provider": "provider[\"registry.terraform.io/digitalocean/digitalocean\"]",
      "instances": [
        {
          "schema_version": 0,
          "attributes": {
            "description": "demo web volume description",
            "droplet_ids": [],
            "filesystem_label": null,
            "filesystem_type": "ext4",
            "id": "d1fff18f-8ad9-11ec-ba5f-0a58ac14d102",
            "initial_filesystem_label": null,
            "initial_filesystem_type": "ext4",
            "name": "demo-web-volume",
            "region": "fra1",
            "size": 10,
            "snapshot_id": null,
            "tags": null,
            "urn": "do:volume:d1fff18f-8ad9-11ec-ba5f-0a58ac14d102"
          },
          "sensitive_attributes": [],
          "private": "bnVsbA=="
        }
      ]
    },
    {
      "mode": "managed",
      "type": "digitalocean_volume_attachment",
      "name": "web",
      "provider": "provider[\"registry.terraform.io/digitalocean/digitalocean\"]",
      "instances": [
        {
          "schema_version": 0,
          "attributes": {
            "droplet_id": 286152128,
            "id": "286152128-d1fff18f-8ad9-11ec-ba5f-0a58ac14d102-20220211012906007500000001",
            "volume_id": "d1fff18f-8ad9-11ec-ba5f-0a58ac14d102"
          },
          "sensitive_attributes": [],
          "private": "bnVsbA==",
          "dependencies": [
            "data.template_file.userdata",
            "digitalocean_droplet.web",
            "digitalocean_ssh_key.key-ssh",
            "digitalocean_volume.web"
          ]
        }
      ]
    }
  ]
}
